
Microsoft Visual Studio Solution File, Format Version 12.00
# Visual Studio Version 16
VisualStudioVersion = 16.0.36631.11
MinimumVisualStudioVersion = 10.0.40219.1
Project("{8BC9CEB8-8B4A-11D0-8D11-00A0C91BC942}") = "kod_review_1", "kod_review_1.vcxproj", "{834BE2BC-999E-49B3-8B79-0B4FB7DD5650}"
EndProject
Global
	GlobalSection(SolutionConfigurationPlatforms) = preSolution
		Debug|x64 = Debug|x64
		Debug|x86 = Debug|x86
		Release|x64 = Release|x64
		Release|x86 = Release|x86
	EndGlobalSection
	GlobalSection(ProjectConfigurationPlatforms) = postSolution
		{834BE2BC-999E-49B3-8B79-0B4FB7DD5650}.Debug|x64.ActiveCfg = Debug|x64
		{834BE2BC-999E-49B3-8B79-0B4FB7DD5650}.Debug|x64.Build.0 = Debug|x64
		{834BE2BC-999E-49B3-8B79-0B4FB7DD5650}.Debug|x86.ActiveCfg = Debug|Win32
		{834BE2BC-999E-49B3-8B79-0B4FB7DD5650}.Debug|x86.Build.0 = Debug|Win32
		{834BE2BC-999E-49B3-8B79-0B4FB7DD5650}.Release|x64.ActiveCfg = Release|x64
		{834BE2BC-999E-49B3-8B79-0B4FB7DD5650}.Release|x64.Build.0 = Release|x64
		{834BE2BC-999E-49B3-8B79-0B4FB7DD5650}.Release|x86.ActiveCfg = Release|Win32
		{834BE2BC-999E-49B3-8B79-0B4FB7DD5650}.Release|x86.Build.0 = Release|Win32
	EndGlobalSection
	GlobalSection(SolutionProperties) = preSolution
		HideSolutionNode = FALSE
	EndGlobalSection
	GlobalSection(ExtensibilityGlobals) = postSolution
		SolutionGuid = {356E567D-B3EB-444B-8BCF-2301A4AB032B}
	EndGlobalSection
EndGlobal
